<?xml version="1.0" encoding="utf-8"?>
<Project ToolsVersion="4.0" xmlns="http://schemas.microsoft.com/developer/msbuild/2003">
  <ItemGroup>
    <Filter Include="Source Files">
      <UniqueIdentifier>{4FC737F1-C7A5-4376-A066-2A32D752A2FF}</UniqueIdentifier>
      <Extensions>cpp;cxx;c;def</Extensions>
    </Filter>
    <Filter Include="Header Files">
      <UniqueIdentifier>{93995380-89BD-4b04-88EB-625FBE52EBFB}</UniqueIdentifier>
      <Extensions>h</Extensions>
    </Filter>
    <Filter Include="Form Files">
      <UniqueIdentifier>{99349809-55BA-4b9d-BF79-8FDBB0286EB3}</UniqueIdentifier>
      <Extensions>ui</Extensions>
    </Filter>
    <Filter Include="Resource Files">
      <UniqueIdentifier>{D9D6E242-F8AF-46E4-B9FD-80ECBC20BA3E}</UniqueIdentifier>
      <Extensions>qrc;*</Extensions>
      <ParseFiles>false</ParseFiles>
    </Filter>
    <Filter Include="Generated Files">
      <UniqueIdentifier>{71ED8ED8-ACB9-4CE9-BBE1-E00B30144E11}</UniqueIdentifier>
      <Extensions>moc;h;cpp</Extensions>
      <SourceControlFiles>False</SourceControlFiles>
    </Filter>
    <Filter Include="Generated Files\Debug">
      <UniqueIdentifier>{4d332a6a-81f3-46bb-b617-b093fcc5d699}</UniqueIdentifier>
      <Extensions>cpp;moc</Extensions>
      <SourceControlFiles>False</SourceControlFiles>
    </Filter>
    <Filter Include="Generated Files\Release">
      <UniqueIdentifier>{63756f81-7387-4047-8194-504a3aa2d12d}</UniqueIdentifier>
      <Extensions>cpp;moc</Extensions>
      <SourceControlFiles>False</SourceControlFiles>
    </Filter>
    <Filter Include="Header Files\Common">
      <UniqueIdentifier>{32aa12d6-39bd-4a3c-a032-df47a65ac70e}</UniqueIdentifier>
    </Filter>
  </ItemGroup>
  <ItemGroup>
    <ClCompile Include="main.cpp">
      <Filter>Source Files</Filter>
    </ClCompile>
    <ClCompile Include="gtjfileinfocompare.cpp">
      <Filter>Source Files</Filter>
    </ClCompile>
    <ClCompile Include="GeneratedFiles\Debug\moc_gtjfileinfocompare.cpp">
      <Filter>Generated Files\Debug</Filter>
    </ClCompile>
    <ClCompile Include="GeneratedFiles\Release\moc_gtjfileinfocompare.cpp">
      <Filter>Generated Files\Release</Filter>
    </ClCompile>
    <ClCompile Include="GeneratedFiles\qrc_gtjfileinfocompare.cpp">
      <Filter>Generated Files</Filter>
    </ClCompile>
    <ClCompile Include="GeneratedFiles\qrc_tabWidgetIcon.cpp">
      <Filter>Generated Files</Filter>
    </ClCompile>
    <ClCompile Include="gtjCollectFileInfo.cpp">
      <Filter>Source Files</Filter>
    </ClCompile>
    <ClCompile Include="gtjCompareFileInfo.cpp">
      <Filter>Source Files</Filter>
    </ClCompile>
    <ClCompile Include="gtjDealWithFileManage.cpp">
      <Filter>Source Files</Filter>
    </ClCompile>
    <ClCompile Include="GeneratedFiles\Debug\moc_gtjCollectFileInfo.cpp">
      <Filter>Generated Files\Debug</Filter>
    </ClCompile>
    <ClCompile Include="GeneratedFiles\Release\moc_gtjCollectFileInfo.cpp">
      <Filter>Generated Files\Release</Filter>
    </ClCompile>
    <ClCompile Include="GeneratedFiles\Debug\moc_gtjCompareFileInfo.cpp">
      <Filter>Generated Files\Debug</Filter>
    </ClCompile>
    <ClCompile Include="GeneratedFiles\Release\moc_gtjCompareFileInfo.cpp">
      <Filter>Generated Files\Release</Filter>
    </ClCompile>
  </ItemGroup>
  <ItemGroup>
    <CustomBuild Include="gtjfileinfocompare.h">
      <Filter>Header Files</Filter>
    </CustomBuild>
    <CustomBuild Include="gtjfileinfocompare.ui">
      <Filter>Form Files</Filter>
    </CustomBuild>
    <CustomBuild Include="..\Resources\gtjfileinfocompare.qrc">
      <Filter>Resource Files</Filter>
    </CustomBuild>
    <CustomBuild Include="..\Resources\tabWidgetIcon.qrc">
      <Filter>Resource Files</Filter>
    </CustomBuild>
    <CustomBuild Include="gtjCollectFileInfo.h">
      <Filter>Header Files</Filter>
    </CustomBuild>
    <CustomBuild Include="gtjCompareFileInfo.h">
      <Filter>Header Files</Filter>
    </CustomBuild>
  </ItemGroup>
  <ItemGroup>
    <ClInclude Include="GeneratedFiles\ui_gtjfileinfocompare.h">
      <Filter>Generated Files</Filter>
    </ClInclude>
    <ClInclude Include="Common\GTJCommon.h">
      <Filter>Header Files\Common</Filter>
    </ClInclude>
    <ClInclude Include="gtjDealWithFileManage.h">
      <Filter>Header Files</Filter>
    </ClInclude>
  </ItemGroup>
  <ItemGroup>
    <None Include="..\Resources\fileInfo.png">
      <Filter>Resource Files</Filter>
    </None>
    <None Include="..\Resources\compare.png">
      <Filter>Resource Files</Filter>
    </None>
    <None Include="..\Resources\setUp.png">
      <Filter>Resource Files</Filter>
    </None>
  </ItemGroup>
  <ItemGroup>
    <ResourceCompile Include="..\Resources\logo.rc">
      <Filter>Resource Files</Filter>
    </ResourceCompile>
  </ItemGroup>
</Project>